{
  "name": "mobx-nextjs-root-store",
  "version": "0.1.0",
  "lockfileVersion": 1,
  "requires": true,
  "dependencies": {
    "@next/env": {
      "version": "12.2.2",
      "resolved": "https://registry.npmjs.org/@next/env/-/env-12.2.2.tgz",
      "integrity": "sha512-BqDwE4gDl1F608TpnNxZqrCn6g48MBjvmWFEmeX5wEXDXh3IkAOw6ASKUgjT8H4OUePYFqghDFUss5ZhnbOUjw=="
    },
    "@next/swc-android-arm-eabi": {
      "version": "12.2.2",
      "resolved": "https://registry.npmjs.org/@next/swc-android-arm-eabi/-/swc-android-arm-eabi-12.2.2.tgz",
      "integrity": "sha512-VHjuCHeq9qCprUZbsRxxM/VqSW8MmsUtqB5nEpGEgUNnQi/BTm/2aK8tl7R4D0twGKRh6g1AAeFuWtXzk9Z/vQ==",
      "optional": true
    },
    "@next/swc-android-arm64": {
      "version": "12.2.2",
      "resolved": "https://registry.npmjs.org/@next/swc-android-arm64/-/swc-android-arm64-12.2.2.tgz",
      "integrity": "sha512-v5EYzXUOSv0r9mO/2PX6mOcF53k8ndlu9yeFHVAWW1Dhw2jaJcvTRcCAwYYN8Q3tDg0nH3NbEltJDLKmcJOuVA==",
      "optional": true
    },
    "@next/swc-darwin-arm64": {
      "version": "12.2.2",
      "resolved": "https://registry.npmjs.org/@next/swc-darwin-arm64/-/swc-darwin-arm64-12.2.2.tgz",
      "integrity": "sha512-JCoGySHKGt+YBk7xRTFGx1QjrnCcwYxIo3yGepcOq64MoiocTM3yllQWeOAJU2/k9MH0+B5E9WUSme4rOCBbpA==",
      "optional": true
    },
    "@next/swc-darwin-x64": {
      "version": "12.2.2",
      "resolved": "https://registry.npmjs.org/@next/swc-darwin-x64/-/swc-darwin-x64-12.2.2.tgz",
      "integrity": "sha512-dztDtvfkhUqiqpXvrWVccfGhLe44yQ5tQ7B4tBfnsOR6vxzI9DNPHTlEOgRN9qDqTAcFyPxvg86mn4l8bB9Jcw==",
      "optional": true
    },
    "@next/swc-freebsd-x64": {
      "version": "12.2.2",
      "resolved": "https://registry.npmjs.org/@next/swc-freebsd-x64/-/swc-freebsd-x64-12.2.2.tgz",
      "integrity": "sha512-JUnXB+2xfxqsAvhFLPJpU1NeyDsvJrKoOjpV7g3Dxbno2Riu4tDKn3kKF886yleAuD/1qNTUCpqubTvbbT2VoA==",
      "optional": true
    },
    "@next/swc-linux-arm-gnueabihf": {
      "version": "12.2.2",
      "resolved": "https://registry.npmjs.org/@next/swc-linux-arm-gnueabihf/-/swc-linux-arm-gnueabihf-12.2.2.tgz",
      "integrity": "sha512-XeYC/qqPLz58R4pjkb+x8sUUxuGLnx9QruC7/IGkK68yW4G17PHwKI/1njFYVfXTXUukpWjcfBuauWwxp9ke7Q==",
      "optional": true
    },
    "@next/swc-linux-arm64-gnu": {
      "version": "12.2.2",
      "resolved": "https://registry.npmjs.org/@next/swc-linux-arm64-gnu/-/swc-linux-arm64-gnu-12.2.2.tgz",
      "integrity": "sha512-d6jT8xgfKYFkzR7J0OHo2D+kFvY/6W8qEo6/hmdrTt6AKAqxs//rbbcdoyn3YQq1x6FVUUd39zzpezZntg9Naw==",
      "optional": true
    },
    "@next/swc-linux-arm64-musl": {
      "version": "12.2.2",
      "resolved": "https://registry.npmjs.org/@next/swc-linux-arm64-musl/-/swc-linux-arm64-musl-12.2.2.tgz",
      "integrity": "sha512-rIZRFxI9N/502auJT1i7coas0HTHUM+HaXMyJiCpnY8Rimbo0495ir24tzzHo3nQqJwcflcPTwEh/DV17sdv9A==",
      "optional": true
    },
    "@next/swc-linux-x64-gnu": {
      "version": "12.2.2",
      "resolved": "https://registry.npmjs.org/@next/swc-linux-x64-gnu/-/swc-linux-x64-gnu-12.2.2.tgz",
      "integrity": "sha512-ir1vNadlUDj7eQk15AvfhG5BjVizuCHks9uZwBfUgT5jyeDCeRvaDCo1+Q6+0CLOAnYDR/nqSCvBgzG2UdFh9A==",
      "optional": true
    },
    "@next/swc-linux-x64-musl": {
      "version": "12.2.2",
      "resolved": "https://registry.npmjs.org/@next/swc-linux-x64-musl/-/swc-linux-x64-musl-12.2.2.tgz",
      "integrity": "sha512-bte5n2GzLN3O8JdSFYWZzMgEgDHZmRz5wiispiiDssj4ik3l8E7wq/czNi8RmIF+ioj2sYVokUNa/ekLzrESWw==",
      "optional": true
    },
    "@next/swc-win32-arm64-msvc": {
      "version": "12.2.2",
      "resolved": "https://registry.npmjs.org/@next/swc-win32-arm64-msvc/-/swc-win32-arm64-msvc-12.2.2.tgz",
      "integrity": "sha512-ZUGCmcDmdPVSAlwJ/aD+1F9lYW8vttseiv4n2+VCDv5JloxiX9aY32kYZaJJO7hmTLNrprvXkb4OvNuHdN22Jg==",
      "optional": true
    },
    "@next/swc-win32-ia32-msvc": {
      "version": "12.2.2",
      "resolved": "https://registry.npmjs.org/@next/swc-win32-ia32-msvc/-/swc-win32-ia32-msvc-12.2.2.tgz",
      "integrity": "sha512-v7ykeEDbr9eXiblGSZiEYYkWoig6sRhAbLKHUHQtk8vEWWVEqeXFcxmw6LRrKu5rCN1DY357UlYWToCGPQPCRA==",
      "optional": true
    },
    "@next/swc-win32-x64-msvc": {
      "version": "12.2.2",
      "resolved": "https://registry.npmjs.org/@next/swc-win32-x64-msvc/-/swc-win32-x64-msvc-12.2.2.tgz",
      "integrity": "sha512-2D2iinWUL6xx8D9LYVZ5qi7FP6uLAoWymt8m8aaG2Ld/Ka8/k723fJfiklfuAcwOxfufPJI+nRbT5VcgHGzHAQ==",
      "optional": true
    },
    "@swc/helpers": {
      "version": "0.4.2",
      "resolved": "https://registry.npmjs.org/@swc/helpers/-/helpers-0.4.2.tgz",
      "integrity": "sha512-556Az0VX7WR6UdoTn4htt/l3zPQ7bsQWK+HqdG4swV7beUCxo/BqmvbOpUkTIm/9ih86LIf1qsUnywNL3obGHw==",
      "requires": {
        "tslib": "^2.4.0"
      }
    },
    "@types/node": {
      "version": "14.14.9",
      "resolved": "https://registry.npmjs.org/@types/node/-/node-14.14.9.tgz",
      "integrity": "sha512-JsoLXFppG62tWTklIoO4knA+oDTYsmqWxHRvd4lpmfQRNhX6osheUOWETP2jMoV/2bEHuMra8Pp3Dmo/stBFcw==",
      "dev": true
    },
    "@types/prop-types": {
      "version": "15.7.3",
      "resolved": "https://registry.npmjs.org/@types/prop-types/-/prop-types-15.7.3.tgz",
      "integrity": "sha512-KfRL3PuHmqQLOG+2tGpRO26Ctg+Cq1E01D2DMriKEATHgWLfeNDmq9e29Q9WIky0dQ3NPkd1mzYH8Lm936Z9qw==",
      "dev": true
    },
    "@types/react": {
      "version": "17.0.0",
      "resolved": "https://registry.npmjs.org/@types/react/-/react-17.0.0.tgz",
      "integrity": "sha512-aj/L7RIMsRlWML3YB6KZiXB3fV2t41+5RBGYF8z+tAKU43Px8C3cYUZsDvf1/+Bm4FK21QWBrDutu8ZJ/70qOw==",
      "dev": true,
      "requires": {
        "@types/prop-types": "*",
        "csstype": "^3.0.2"
      }
    },
    "caniuse-lite": {
      "version": "1.0.30001364",
      "resolved": "https://registry.npmjs.org/caniuse-lite/-/caniuse-lite-1.0.30001364.tgz",
      "integrity": "sha512-9O0xzV3wVyX0SlegIQ6knz+okhBB5pE0PC40MNdwcipjwpxoUEHL24uJ+gG42cgklPjfO5ZjZPme9FTSN3QT2Q=="
    },
    "csstype": {
      "version": "3.0.5",
      "resolved": "https://registry.npmjs.org/csstype/-/csstype-3.0.5.tgz",
      "integrity": "sha512-uVDi8LpBUKQj6sdxNaTetL6FpeCqTjOvAQuQUa/qAqq8oOd4ivkbhgnqayl0dnPal8Tb/yB1tF+gOvCBiicaiQ==",
      "dev": true
    },
    "js-tokens": {
      "version": "4.0.0",
      "resolved": "https://registry.npmjs.org/js-tokens/-/js-tokens-4.0.0.tgz",
      "integrity": "sha512-RdJUflcE3cUzKiMqQgsCu06FPu9UdIJO0beYbPhHN4k6apgJtifcoCtT9bcxOpYBtpD2kCM6Sbzg4CausW/PKQ=="
    },
    "loose-envify": {
      "version": "1.4.0",
      "resolved": "https://registry.npmjs.org/loose-envify/-/loose-envify-1.4.0.tgz",
      "integrity": "sha512-lyuxPGr/Wfhrlem2CL/UcnUc1zcqKAImBDzukY7Y5F/yQiNdko6+fRLevlw1HgMySw7f611UIY408EtxRSoK3Q==",
      "requires": {
        "js-tokens": "^3.0.0 || ^4.0.0"
      }
    },
    "mobx": {
      "version": "6.0.4",
      "resolved": "https://registry.npmjs.org/mobx/-/mobx-6.0.4.tgz",
      "integrity": "sha512-wT2QJT9tW19VSHo9x7RPKU3z/I2Ps6wUS8Kb1OO+kzmg7UY3n4AkcaYG6jq95Lp1R9ohjC/NGYuT2PtuvBjhFg=="
    },
    "mobx-react-lite": {
      "version": "3.1.6",
      "resolved": "https://registry.npmjs.org/mobx-react-lite/-/mobx-react-lite-3.1.6.tgz",
      "integrity": "sha512-MM3x9BLt5nC7iE/ILA5n2+hfrplEKYbFjqROEuGkzBdZP/KD+Z44+2gseczRrTG0xFuiPWfEzgT68+6/zqOiEw=="
    },
    "nanoid": {
      "version": "3.3.4",
      "resolved": "https://registry.npmjs.org/nanoid/-/nanoid-3.3.4.tgz",
      "integrity": "sha512-MqBkQh/OHTS2egovRtLk45wEyNXwF+cokD+1YPf9u5VfJiRdAiRwB2froX5Co9Rh20xs4siNPm8naNotSD6RBw=="
    },
    "next": {
      "version": "12.2.2",
      "resolved": "https://registry.npmjs.org/next/-/next-12.2.2.tgz",
      "integrity": "sha512-zAYFY45aBry/PlKONqtlloRFqU/We3zWYdn2NoGvDZkoYUYQSJC8WMcalS5C19MxbCZLUVCX7D7a6gTGgl2yLg==",
      "requires": {
        "@next/env": "12.2.2",
        "@next/swc-android-arm-eabi": "12.2.2",
        "@next/swc-android-arm64": "12.2.2",
        "@next/swc-darwin-arm64": "12.2.2",
        "@next/swc-darwin-x64": "12.2.2",
        "@next/swc-freebsd-x64": "12.2.2",
        "@next/swc-linux-arm-gnueabihf": "12.2.2",
        "@next/swc-linux-arm64-gnu": "12.2.2",
        "@next/swc-linux-arm64-musl": "12.2.2",
        "@next/swc-linux-x64-gnu": "12.2.2",
        "@next/swc-linux-x64-musl": "12.2.2",
        "@next/swc-win32-arm64-msvc": "12.2.2",
        "@next/swc-win32-ia32-msvc": "12.2.2",
        "@next/swc-win32-x64-msvc": "12.2.2",
        "@swc/helpers": "0.4.2",
        "caniuse-lite": "^1.0.30001332",
        "postcss": "8.4.5",
        "styled-jsx": "5.0.2",
        "use-sync-external-store": "1.1.0"
      }
    },
    "object-assign": {
      "version": "4.1.1",
      "resolved": "https://registry.npmjs.org/object-assign/-/object-assign-4.1.1.tgz",
      "integrity": "sha1-IQmtx5ZYh8/AXLvUQsrIv7s2CGM="
    },
    "picocolors": {
      "version": "1.0.0",
      "resolved": "https://registry.npmjs.org/picocolors/-/picocolors-1.0.0.tgz",
      "integrity": "sha512-1fygroTLlHu66zi26VoTDv8yRgm0Fccecssto+MhsZ0D/DGW2sm8E8AjW7NU5VVTRt5GxbeZ5qBuJr+HyLYkjQ=="
    },
    "postcss": {
      "version": "8.4.5",
      "resolved": "https://registry.npmjs.org/postcss/-/postcss-8.4.5.tgz",
      "integrity": "sha512-jBDboWM8qpaqwkMwItqTQTiFikhs/67OYVvblFFTM7MrZjt6yMKd6r2kgXizEbTTljacm4NldIlZnhbjr84QYg==",
      "requires": {
        "nanoid": "^3.1.30",
        "picocolors": "^1.0.0",
        "source-map-js": "^1.0.1"
      }
    },
    "prettier": {
      "version": "2.7.1",
      "resolved": "https://registry.npmjs.org/prettier/-/prettier-2.7.1.tgz",
      "integrity": "sha512-ujppO+MkdPqoVINuDFDRLClm7D78qbDt0/NR+wp5FqEZOoTNAjPHWj17QRhu7geIHJfcNhRk1XVQmF8Bp3ye+g==",
      "dev": true
    },
    "react": {
      "version": "17.0.2",
      "resolved": "https://registry.npmjs.org/react/-/react-17.0.2.tgz",
      "integrity": "sha512-gnhPt75i/dq/z3/6q/0asP78D0u592D5L1pd7M8P+dck6Fu/jJeL6iVVK23fptSUZj8Vjf++7wXA8UNclGQcbA==",
      "requires": {
        "loose-envify": "^1.1.0",
        "object-assign": "^4.1.1"
      }
    },
    "react-dom": {
      "version": "17.0.2",
      "resolved": "https://registry.npmjs.org/react-dom/-/react-dom-17.0.2.tgz",
      "integrity": "sha512-s4h96KtLDUQlsENhMn1ar8t2bEa+q/YAtj8pPPdIjPDGBDIVNsrD9aXNWqspUe6AzKCIG0C1HZZLqLV7qpOBGA==",
      "requires": {
        "loose-envify": "^1.1.0",
        "object-assign": "^4.1.1",
        "scheduler": "^0.20.2"
      }
    },
    "scheduler": {
      "version": "0.20.2",
      "resolved": "https://registry.npmjs.org/scheduler/-/scheduler-0.20.2.tgz",
      "integrity": "sha512-2eWfGgAqqWFGqtdMmcL5zCMK1U8KlXv8SQFGglL3CEtd0aDVDWgeF/YoCmvln55m5zSk3J/20hTaSBeSObsQDQ==",
      "requires": {
        "loose-envify": "^1.1.0",
        "object-assign": "^4.1.1"
      }
    },
    "source-map-js": {
      "version": "1.0.2",
      "resolved": "https://registry.npmjs.org/source-map-js/-/source-map-js-1.0.2.tgz",
      "integrity": "sha512-R0XvVJ9WusLiqTCEiGCmICCMplcCkIwwR11mOSD9CR5u+IXYdiseeEuXCVAjS54zqwkLcPNnmU4OeJ6tUrWhDw=="
    },
    "styled-jsx": {
      "version": "5.0.2",
      "resolved": "https://registry.npmjs.org/styled-jsx/-/styled-jsx-5.0.2.tgz",
      "integrity": "sha512-LqPQrbBh3egD57NBcHET4qcgshPks+yblyhPlH2GY8oaDgKs8SK4C3dBh3oSJjgzJ3G5t1SYEZGHkP+QEpX9EQ=="
    },
    "tslib": {
      "version": "2.4.0",
      "resolved": "https://registry.npmjs.org/tslib/-/tslib-2.4.0.tgz",
      "integrity": "sha512-d6xOpEDfsi2CZVlPQzGeux8XMwLT9hssAsaPYExaQMuYskwb+x1x7J371tWlbBdWHroy99KnVB6qIkUbs5X3UQ=="
    },
    "typescript": {
      "version": "4.1.2",
      "resolved": "https://registry.npmjs.org/typescript/-/typescript-4.1.2.tgz",
      "integrity": "sha512-thGloWsGH3SOxv1SoY7QojKi0tc+8FnOmiarEGMbd/lar7QOEd3hvlx3Fp5y6FlDUGl9L+pd4n2e+oToGMmhRQ==",
      "dev": true
    },
    "use-sync-external-store": {
      "version": "1.1.0",
      "resolved": "https://registry.npmjs.org/use-sync-external-store/-/use-sync-external-store-1.1.0.tgz",
      "integrity": "sha512-SEnieB2FPKEVne66NpXPd1Np4R1lTNKfjuy3XdIoPQKYBAFdzbzSZlSn1KJZUiihQLQC5Znot4SBz1EOTBwQAQ=="
    }
  }
}
