{
  "name": "mobx-nextjs-root-store",
  "version": "0.1.0",
  "lockfileVersion": 1,
  "requires": true,
  "dependencies": {
    "@next/env": {
      "version": "12.1.6",
      "resolved": "https://registry.npmjs.org/@next/env/-/env-12.1.6.tgz",
      "integrity": "sha512-Te/OBDXFSodPU6jlXYPAXpmZr/AkG6DCATAxttQxqOWaq6eDFX25Db3dK0120GZrSZmv4QCe9KsZmJKDbWs4OA=="
    },
    "@next/swc-android-arm-eabi": {
      "version": "12.1.6",
      "resolved": "https://registry.npmjs.org/@next/swc-android-arm-eabi/-/swc-android-arm-eabi-12.1.6.tgz",
      "integrity": "sha512-BxBr3QAAAXWgk/K7EedvzxJr2dE014mghBSA9iOEAv0bMgF+MRq4PoASjuHi15M2zfowpcRG8XQhMFtxftCleQ==",
      "optional": true
    },
    "@next/swc-android-arm64": {
      "version": "12.1.6",
      "resolved": "https://registry.npmjs.org/@next/swc-android-arm64/-/swc-android-arm64-12.1.6.tgz",
      "integrity": "sha512-EboEk3ROYY7U6WA2RrMt/cXXMokUTXXfnxe2+CU+DOahvbrO8QSWhlBl9I9ZbFzJx28AGB9Yo3oQHCvph/4Lew==",
      "optional": true
    },
    "@next/swc-darwin-arm64": {
      "version": "12.1.6",
      "resolved": "https://registry.npmjs.org/@next/swc-darwin-arm64/-/swc-darwin-arm64-12.1.6.tgz",
      "integrity": "sha512-P0EXU12BMSdNj1F7vdkP/VrYDuCNwBExtRPDYawgSUakzi6qP0iKJpya2BuLvNzXx+XPU49GFuDC5X+SvY0mOw==",
      "optional": true
    },
    "@next/swc-darwin-x64": {
      "version": "12.1.6",
      "resolved": "https://registry.npmjs.org/@next/swc-darwin-x64/-/swc-darwin-x64-12.1.6.tgz",
      "integrity": "sha512-9FptMnbgHJK3dRDzfTpexs9S2hGpzOQxSQbe8omz6Pcl7rnEp9x4uSEKY51ho85JCjL4d0tDLBcXEJZKKLzxNg==",
      "optional": true
    },
    "@next/swc-linux-arm-gnueabihf": {
      "version": "12.1.6",
      "resolved": "https://registry.npmjs.org/@next/swc-linux-arm-gnueabihf/-/swc-linux-arm-gnueabihf-12.1.6.tgz",
      "integrity": "sha512-PvfEa1RR55dsik/IDkCKSFkk6ODNGJqPY3ysVUZqmnWMDSuqFtf7BPWHFa/53znpvVB5XaJ5Z1/6aR5CTIqxPw==",
      "optional": true
    },
    "@next/swc-linux-arm64-gnu": {
      "version": "12.1.6",
      "resolved": "https://registry.npmjs.org/@next/swc-linux-arm64-gnu/-/swc-linux-arm64-gnu-12.1.6.tgz",
      "integrity": "sha512-53QOvX1jBbC2ctnmWHyRhMajGq7QZfl974WYlwclXarVV418X7ed7o/EzGY+YVAEKzIVaAB9JFFWGXn8WWo0gQ==",
      "optional": true
    },
    "@next/swc-linux-arm64-musl": {
      "version": "12.1.6",
      "resolved": "https://registry.npmjs.org/@next/swc-linux-arm64-musl/-/swc-linux-arm64-musl-12.1.6.tgz",
      "integrity": "sha512-CMWAkYqfGdQCS+uuMA1A2UhOfcUYeoqnTW7msLr2RyYAys15pD960hlDfq7QAi8BCAKk0sQ2rjsl0iqMyziohQ==",
      "optional": true
    },
    "@next/swc-linux-x64-gnu": {
      "version": "12.1.6",
      "resolved": "https://registry.npmjs.org/@next/swc-linux-x64-gnu/-/swc-linux-x64-gnu-12.1.6.tgz",
      "integrity": "sha512-AC7jE4Fxpn0s3ujngClIDTiEM/CQiB2N2vkcyWWn6734AmGT03Duq6RYtPMymFobDdAtZGFZd5nR95WjPzbZAQ==",
      "optional": true
    },
    "@next/swc-linux-x64-musl": {
      "version": "12.1.6",
      "resolved": "https://registry.npmjs.org/@next/swc-linux-x64-musl/-/swc-linux-x64-musl-12.1.6.tgz",
      "integrity": "sha512-c9Vjmi0EVk0Kou2qbrynskVarnFwfYIi+wKufR9Ad7/IKKuP6aEhOdZiIIdKsYWRtK2IWRF3h3YmdnEa2WLUag==",
      "optional": true
    },
    "@next/swc-win32-arm64-msvc": {
      "version": "12.1.6",
      "resolved": "https://registry.npmjs.org/@next/swc-win32-arm64-msvc/-/swc-win32-arm64-msvc-12.1.6.tgz",
      "integrity": "sha512-3UTOL/5XZSKFelM7qN0it35o3Cegm6LsyuERR3/OoqEExyj3aCk7F025b54/707HTMAnjlvQK3DzLhPu/xxO4g==",
      "optional": true
    },
    "@next/swc-win32-ia32-msvc": {
      "version": "12.1.6",
      "resolved": "https://registry.npmjs.org/@next/swc-win32-ia32-msvc/-/swc-win32-ia32-msvc-12.1.6.tgz",
      "integrity": "sha512-8ZWoj6nCq6fI1yCzKq6oK0jE6Mxlz4MrEsRyu0TwDztWQWe7rh4XXGLAa2YVPatYcHhMcUL+fQQbqd1MsgaSDA==",
      "optional": true
    },
    "@next/swc-win32-x64-msvc": {
      "version": "12.1.6",
      "resolved": "https://registry.npmjs.org/@next/swc-win32-x64-msvc/-/swc-win32-x64-msvc-12.1.6.tgz",
      "integrity": "sha512-4ZEwiRuZEicXhXqmhw3+de8Z4EpOLQj/gp+D9fFWo6ii6W1kBkNNvvEx4A90ugppu+74pT1lIJnOuz3A9oQeJA==",
      "optional": true
    },
    "@types/node": {
      "version": "14.14.9",
      "resolved": "https://registry.npmjs.org/@types/node/-/node-14.14.9.tgz",
      "integrity": "sha512-JsoLXFppG62tWTklIoO4knA+oDTYsmqWxHRvd4lpmfQRNhX6osheUOWETP2jMoV/2bEHuMra8Pp3Dmo/stBFcw==",
      "dev": true
    },
    "@types/prop-types": {
      "version": "15.7.5",
      "resolved": "https://registry.npmjs.org/@types/prop-types/-/prop-types-15.7.5.tgz",
      "integrity": "sha512-JCB8C6SnDoQf0cNycqd/35A7MjcnK+ZTqE7judS6o7utxUCg6imJg3QK2qzHKszlTjcj2cn+NwMB2i96ubpj7w==",
      "dev": true
    },
    "@types/react": {
      "version": "18.0.14",
      "resolved": "https://registry.npmjs.org/@types/react/-/react-18.0.14.tgz",
      "integrity": "sha512-x4gGuASSiWmo0xjDLpm5mPb52syZHJx02VKbqUKdLmKtAwIh63XClGsiTI1K6DO5q7ox4xAsQrU+Gl3+gGXF9Q==",
      "dev": true,
      "requires": {
        "@types/prop-types": "*",
        "@types/scheduler": "*",
        "csstype": "^3.0.2"
      }
    },
    "@types/scheduler": {
      "version": "0.16.2",
      "resolved": "https://registry.npmjs.org/@types/scheduler/-/scheduler-0.16.2.tgz",
      "integrity": "sha512-hppQEBDmlwhFAXKJX2KnWLYu5yMfi91yazPb2l+lbJiwW+wdo1gNeRA+3RgNSO39WYX2euey41KEwnqesU2Jew==",
      "dev": true
    },
    "caniuse-lite": {
      "version": "1.0.30001342",
      "resolved": "https://registry.npmjs.org/caniuse-lite/-/caniuse-lite-1.0.30001342.tgz",
      "integrity": "sha512-bn6sOCu7L7jcbBbyNhLg0qzXdJ/PMbybZTH/BA6Roet9wxYRm6Tr9D0s0uhLkOZ6MSG+QU6txUgdpr3MXIVqjA=="
    },
    "csstype": {
      "version": "3.1.0",
      "resolved": "https://registry.npmjs.org/csstype/-/csstype-3.1.0.tgz",
      "integrity": "sha512-uX1KG+x9h5hIJsaKR9xHUeUraxf8IODOwq9JLNPq6BwB04a/xgpq3rcx47l5BZu5zBPlgD342tdke3Hom/nJRA==",
      "dev": true
    },
    "js-tokens": {
      "version": "4.0.0",
      "resolved": "https://registry.npmjs.org/js-tokens/-/js-tokens-4.0.0.tgz",
      "integrity": "sha512-RdJUflcE3cUzKiMqQgsCu06FPu9UdIJO0beYbPhHN4k6apgJtifcoCtT9bcxOpYBtpD2kCM6Sbzg4CausW/PKQ=="
    },
    "loose-envify": {
      "version": "1.4.0",
      "resolved": "https://registry.npmjs.org/loose-envify/-/loose-envify-1.4.0.tgz",
      "integrity": "sha512-lyuxPGr/Wfhrlem2CL/UcnUc1zcqKAImBDzukY7Y5F/yQiNdko6+fRLevlw1HgMySw7f611UIY408EtxRSoK3Q==",
      "requires": {
        "js-tokens": "^3.0.0 || ^4.0.0"
      }
    },
    "mobx": {
      "version": "6.0.4",
      "resolved": "https://registry.npmjs.org/mobx/-/mobx-6.0.4.tgz",
      "integrity": "sha512-wT2QJT9tW19VSHo9x7RPKU3z/I2Ps6wUS8Kb1OO+kzmg7UY3n4AkcaYG6jq95Lp1R9ohjC/NGYuT2PtuvBjhFg=="
    },
    "mobx-react-lite": {
      "version": "3.1.6",
      "resolved": "https://registry.npmjs.org/mobx-react-lite/-/mobx-react-lite-3.1.6.tgz",
      "integrity": "sha512-MM3x9BLt5nC7iE/ILA5n2+hfrplEKYbFjqROEuGkzBdZP/KD+Z44+2gseczRrTG0xFuiPWfEzgT68+6/zqOiEw=="
    },
    "nanoid": {
      "version": "3.3.4",
      "resolved": "https://registry.npmjs.org/nanoid/-/nanoid-3.3.4.tgz",
      "integrity": "sha512-MqBkQh/OHTS2egovRtLk45wEyNXwF+cokD+1YPf9u5VfJiRdAiRwB2froX5Co9Rh20xs4siNPm8naNotSD6RBw=="
    },
    "next": {
      "version": "12.1.6",
      "resolved": "https://registry.npmjs.org/next/-/next-12.1.6.tgz",
      "integrity": "sha512-cebwKxL3/DhNKfg9tPZDQmbRKjueqykHHbgaoG4VBRH3AHQJ2HO0dbKFiS1hPhe1/qgc2d/hFeadsbPicmLD+A==",
      "requires": {
        "@next/env": "12.1.6",
        "@next/swc-android-arm-eabi": "12.1.6",
        "@next/swc-android-arm64": "12.1.6",
        "@next/swc-darwin-arm64": "12.1.6",
        "@next/swc-darwin-x64": "12.1.6",
        "@next/swc-linux-arm-gnueabihf": "12.1.6",
        "@next/swc-linux-arm64-gnu": "12.1.6",
        "@next/swc-linux-arm64-musl": "12.1.6",
        "@next/swc-linux-x64-gnu": "12.1.6",
        "@next/swc-linux-x64-musl": "12.1.6",
        "@next/swc-win32-arm64-msvc": "12.1.6",
        "@next/swc-win32-ia32-msvc": "12.1.6",
        "@next/swc-win32-x64-msvc": "12.1.6",
        "caniuse-lite": "^1.0.30001332",
        "postcss": "8.4.5",
        "styled-jsx": "5.0.2"
      }
    },
    "object-assign": {
      "version": "4.1.1",
      "resolved": "https://registry.npmjs.org/object-assign/-/object-assign-4.1.1.tgz",
      "integrity": "sha1-IQmtx5ZYh8/AXLvUQsrIv7s2CGM="
    },
    "picocolors": {
      "version": "1.0.0",
      "resolved": "https://registry.npmjs.org/picocolors/-/picocolors-1.0.0.tgz",
      "integrity": "sha512-1fygroTLlHu66zi26VoTDv8yRgm0Fccecssto+MhsZ0D/DGW2sm8E8AjW7NU5VVTRt5GxbeZ5qBuJr+HyLYkjQ=="
    },
    "postcss": {
      "version": "8.4.5",
      "resolved": "https://registry.npmjs.org/postcss/-/postcss-8.4.5.tgz",
      "integrity": "sha512-jBDboWM8qpaqwkMwItqTQTiFikhs/67OYVvblFFTM7MrZjt6yMKd6r2kgXizEbTTljacm4NldIlZnhbjr84QYg==",
      "requires": {
        "nanoid": "^3.1.30",
        "picocolors": "^1.0.0",
        "source-map-js": "^1.0.1"
      }
    },
    "prettier": {
      "version": "2.7.1",
      "resolved": "https://registry.npmjs.org/prettier/-/prettier-2.7.1.tgz",
      "integrity": "sha512-ujppO+MkdPqoVINuDFDRLClm7D78qbDt0/NR+wp5FqEZOoTNAjPHWj17QRhu7geIHJfcNhRk1XVQmF8Bp3ye+g==",
      "dev": true
    },
    "react": {
      "version": "17.0.2",
      "resolved": "https://registry.npmjs.org/react/-/react-17.0.2.tgz",
      "integrity": "sha512-gnhPt75i/dq/z3/6q/0asP78D0u592D5L1pd7M8P+dck6Fu/jJeL6iVVK23fptSUZj8Vjf++7wXA8UNclGQcbA==",
      "requires": {
        "loose-envify": "^1.1.0",
        "object-assign": "^4.1.1"
      }
    },
    "react-dom": {
      "version": "17.0.2",
      "resolved": "https://registry.npmjs.org/react-dom/-/react-dom-17.0.2.tgz",
      "integrity": "sha512-s4h96KtLDUQlsENhMn1ar8t2bEa+q/YAtj8pPPdIjPDGBDIVNsrD9aXNWqspUe6AzKCIG0C1HZZLqLV7qpOBGA==",
      "requires": {
        "loose-envify": "^1.1.0",
        "object-assign": "^4.1.1",
        "scheduler": "^0.20.2"
      }
    },
    "scheduler": {
      "version": "0.20.2",
      "resolved": "https://registry.npmjs.org/scheduler/-/scheduler-0.20.2.tgz",
      "integrity": "sha512-2eWfGgAqqWFGqtdMmcL5zCMK1U8KlXv8SQFGglL3CEtd0aDVDWgeF/YoCmvln55m5zSk3J/20hTaSBeSObsQDQ==",
      "requires": {
        "loose-envify": "^1.1.0",
        "object-assign": "^4.1.1"
      }
    },
    "source-map-js": {
      "version": "1.0.2",
      "resolved": "https://registry.npmjs.org/source-map-js/-/source-map-js-1.0.2.tgz",
      "integrity": "sha512-R0XvVJ9WusLiqTCEiGCmICCMplcCkIwwR11mOSD9CR5u+IXYdiseeEuXCVAjS54zqwkLcPNnmU4OeJ6tUrWhDw=="
    },
    "styled-jsx": {
      "version": "5.0.2",
      "resolved": "https://registry.npmjs.org/styled-jsx/-/styled-jsx-5.0.2.tgz",
      "integrity": "sha512-LqPQrbBh3egD57NBcHET4qcgshPks+yblyhPlH2GY8oaDgKs8SK4C3dBh3oSJjgzJ3G5t1SYEZGHkP+QEpX9EQ=="
    },
    "typescript": {
      "version": "4.1.2",
      "resolved": "https://registry.npmjs.org/typescript/-/typescript-4.1.2.tgz",
      "integrity": "sha512-thGloWsGH3SOxv1SoY7QojKi0tc+8FnOmiarEGMbd/lar7QOEd3hvlx3Fp5y6FlDUGl9L+pd4n2e+oToGMmhRQ==",
      "dev": true
    }
  }
}
